
Microsoft Visual Studio Solution File, Format Version 12.00
# Visual Studio Version 17
VisualStudioVersion = 17.9.34728.123
MinimumVisualStudioVersion = 10.0.40219.1
Project("{FAE04EC0-301F-11D3-BF4B-00C04F79EFBC}") = "VendasRecentes", "VendasRecentes\VendasRecentes.csproj", "{554637D8-A0C0-4098-A62E-EDEA4969E02D}"
EndProject
Global
	GlobalSection(SolutionConfigurationPlatforms) = preSolution
		Debug|Any CPU = Debug|Any CPU
		Release|Any CPU = Release|Any CPU
	EndGlobalSection
	GlobalSection(ProjectConfigurationPlatforms) = postSolution
		{554637D8-A0C0-4098-A62E-EDEA4969E02D}.Debug|Any CPU.ActiveCfg = Debug|Any CPU
		{554637D8-A0C0-4098-A62E-EDEA4969E02D}.Debug|Any CPU.Build.0 = Debug|Any CPU
		{554637D8-A0C0-4098-A62E-EDEA4969E02D}.Release|Any CPU.ActiveCfg = Release|Any CPU
		{554637D8-A0C0-4098-A62E-EDEA4969E02D}.Release|Any CPU.Build.0 = Release|Any CPU
	EndGlobalSection
	GlobalSection(SolutionProperties) = preSolution
		HideSolutionNode = FALSE
	EndGlobalSection
	GlobalSection(ExtensibilityGlobals) = postSolution
		SolutionGuid = {A637CD70-1E87-415C-B79A-74231A70DE03}
	EndGlobalSection
EndGlobal
